Microsoft Visual Studio Solution File, Format Version 12.00
# Visual Studio 2012
Project("{FAE04EC0-301F-11D3-BF4B-00C04F79EFBC}") = "EscapeRoom", "EscapeRoom.csproj", "{2755BB5C-E47A-4FE5-B617-D4DE571C9759}"
EndProject
Global
	GlobalSection(SolutionConfigurationPlatforms) = preSolution
	Debug|Any CPU = Debug|Any CPU
	ExportDebug|Any CPU = ExportDebug|Any CPU
	ExportRelease|Any CPU = ExportRelease|Any CPU
	EndGlobalSection
	GlobalSection(ProjectConfigurationPlatforms) = postSolution
		{2755BB5C-E47A-4FE5-B617-D4DE571C9759}.Debug|Any CPU.ActiveCfg = Debug|Any CPU
		{2755BB5C-E47A-4FE5-B617-D4DE571C9759}.Debug|Any CPU.Build.0 = Debug|Any CPU
		{2755BB5C-E47A-4FE5-B617-D4DE571C9759}.ExportDebug|Any CPU.ActiveCfg = ExportDebug|Any CPU
		{2755BB5C-E47A-4FE5-B617-D4DE571C9759}.ExportDebug|Any CPU.Build.0 = ExportDebug|Any CPU
		{2755BB5C-E47A-4FE5-B617-D4DE571C9759}.ExportRelease|Any CPU.ActiveCfg = ExportRelease|Any CPU
		{2755BB5C-E47A-4FE5-B617-D4DE571C9759}.ExportRelease|Any CPU.Build.0 = ExportRelease|Any CPU
	EndGlobalSection
EndGlobal
